
Microsoft Visual Studio Solution File, Format Version 12.00
# Visual Studio Version 16
VisualStudioVersion = 16.0.28803.156
MinimumVisualStudioVersion = 10.0.40219.1
Project("{8BC9CEB8-8B4A-11D0-8D11-00A0C91BC942}") = "MouseInput", "Algorithm\Algorithm.vcxproj", "{479C2FF3-5801-4E8D-8829-E0BFC9DFC90F}"
EndProject
Project("{8BC9CEB8-8B4A-11D0-8D11-00A0C91BC942}") = "Circle", "Circle\Circle.vcxproj", "{BE57BADD-D5E7-48EE-A217-F12B7924AE21}"
EndProject
Project("{8BC9CEB8-8B4A-11D0-8D11-00A0C91BC942}") = "ScreenCoordinate", "ScreenCoordinate\ScreenCoordinate.vcxproj", "{829442D7-613B-40C2-A233-31B0FB5921F7}"
EndProject
Project("{8BC9CEB8-8B4A-11D0-8D11-00A0C91BC942}") = "CodeKnowledge", "CodeKnowledge\CodeKnowledge.vcxproj", "{265994B8-FA4B-4EB8-A2C8-B109AB86241C}"
EndProject
Project("{8BC9CEB8-8B4A-11D0-8D11-00A0C91BC942}") = "KahanSummation", "KahanSummation\KahanSummation.vcxproj", "{56D5CA63-13E8-401F-A814-8EA242FA4009}"
EndProject
Project("{8BC9CEB8-8B4A-11D0-8D11-00A0C91BC942}") = "Pointer", "Pointer\Pointer.vcxproj", "{80B1E769-0B6E-4B30-A6E0-57075D684D1A}"
EndProject
Project("{8BC9CEB8-8B4A-11D0-8D11-00A0C91BC942}") = "PointerStruct", "PointerStruct\PointerStruct.vcxproj", "{F50CD503-5233-4386-94FD-924EB4C591E5}"
EndProject
Project("{8BC9CEB8-8B4A-11D0-8D11-00A0C91BC942}") = "PointerMethod", "PointerMethod\PointerMethod.vcxproj", "{607CB136-BFFC-4222-8D6F-B393B76F9F6B}"
EndProject
Project("{8BC9CEB8-8B4A-11D0-8D11-00A0C91BC942}") = "PointerMethodCplus", "PointerMethodCplus\PointerMethodCplus.vcxproj", "{E0E436D0-3A42-4287-93AF-23E89BD5116E}"
EndProject
Project("{8BC9CEB8-8B4A-11D0-8D11-00A0C91BC942}") = "CPPFourteenBasic", "CPPFourteenBasic\CPPFourteenBasic.vcxproj", "{9EF85387-146A-42C1-8E7D-2C17E1F6AEBA}"
EndProject
Project("{8BC9CEB8-8B4A-11D0-8D11-00A0C91BC942}") = "CPPFourteenBasic_Second", "CPPFourteenBasic_Second\CPPFourteenBasic_Second.vcxproj", "{6FE8E6B4-FB26-46DA-896F-9031BAE1DF81}"
EndProject
Project("{8BC9CEB8-8B4A-11D0-8D11-00A0C91BC942}") = "CPPFourteenBasic_Third", "CPPFourteenBasic_Third\CPPFourteenBasic_Third.vcxproj", "{AF0609A8-0FBC-49F1-86B4-BD3AD3D1C52C}"
EndProject
Project("{8BC9CEB8-8B4A-11D0-8D11-00A0C91BC942}") = "CPP", "CPP\CPP.vcxproj", "{74250FB1-B878-431C-85CA-D8E59343AD54}"
EndProject
Project("{8BC9CEB8-8B4A-11D0-8D11-00A0C91BC942}") = "CPPPocketRef", "CPPPocketRef\CPPPocketRef.vcxproj", "{425BEF95-4DEA-4C14-AFAC-01029D0AC6FD}"
EndProject
Global
	GlobalSection(SolutionConfigurationPlatforms) = preSolution
		Debug|x64 = Debug|x64
		Debug|x86 = Debug|x86
		Release|x64 = Release|x64
		Release|x86 = Release|x86
	EndGlobalSection
	GlobalSection(ProjectConfigurationPlatforms) = postSolution
		{479C2FF3-5801-4E8D-8829-E0BFC9DFC90F}.Debug|x64.ActiveCfg = Debug|x64
		{479C2FF3-5801-4E8D-8829-E0BFC9DFC90F}.Debug|x64.Build.0 = Debug|x64
		{479C2FF3-5801-4E8D-8829-E0BFC9DFC90F}.Debug|x86.ActiveCfg = Debug|Win32
		{479C2FF3-5801-4E8D-8829-E0BFC9DFC90F}.Debug|x86.Build.0 = Debug|Win32
		{479C2FF3-5801-4E8D-8829-E0BFC9DFC90F}.Release|x64.ActiveCfg = Release|x64
		{479C2FF3-5801-4E8D-8829-E0BFC9DFC90F}.Release|x64.Build.0 = Release|x64
		{479C2FF3-5801-4E8D-8829-E0BFC9DFC90F}.Release|x86.ActiveCfg = Release|Win32
		{479C2FF3-5801-4E8D-8829-E0BFC9DFC90F}.Release|x86.Build.0 = Release|Win32
		{BE57BADD-D5E7-48EE-A217-F12B7924AE21}.Debug|x64.ActiveCfg = Debug|x64
		{BE57BADD-D5E7-48EE-A217-F12B7924AE21}.Debug|x64.Build.0 = Debug|x64
		{BE57BADD-D5E7-48EE-A217-F12B7924AE21}.Debug|x86.ActiveCfg = Debug|Win32
		{BE57BADD-D5E7-48EE-A217-F12B7924AE21}.Debug|x86.Build.0 = Debug|Win32
		{BE57BADD-D5E7-48EE-A217-F12B7924AE21}.Release|x64.ActiveCfg = Release|x64
		{BE57BADD-D5E7-48EE-A217-F12B7924AE21}.Release|x64.Build.0 = Release|x64
		{BE57BADD-D5E7-48EE-A217-F12B7924AE21}.Release|x86.ActiveCfg = Release|Win32
		{BE57BADD-D5E7-48EE-A217-F12B7924AE21}.Release|x86.Build.0 = Release|Win32
		{829442D7-613B-40C2-A233-31B0FB5921F7}.Debug|x64.ActiveCfg = Debug|x64
		{829442D7-613B-40C2-A233-31B0FB5921F7}.Debug|x64.Build.0 = Debug|x64
		{829442D7-613B-40C2-A233-31B0FB5921F7}.Debug|x86.ActiveCfg = Debug|Win32
		{829442D7-613B-40C2-A233-31B0FB5921F7}.Debug|x86.Build.0 = Debug|Win32
		{829442D7-613B-40C2-A233-31B0FB5921F7}.Release|x64.ActiveCfg = Release|x64
		{829442D7-613B-40C2-A233-31B0FB5921F7}.Release|x64.Build.0 = Release|x64
		{829442D7-613B-40C2-A233-31B0FB5921F7}.Release|x86.ActiveCfg = Release|Win32
		{829442D7-613B-40C2-A233-31B0FB5921F7}.Release|x86.Build.0 = Release|Win32
		{265994B8-FA4B-4EB8-A2C8-B109AB86241C}.Debug|x64.ActiveCfg = Debug|x64
		{265994B8-FA4B-4EB8-A2C8-B109AB86241C}.Debug|x64.Build.0 = Debug|x64
		{265994B8-FA4B-4EB8-A2C8-B109AB86241C}.Debug|x86.ActiveCfg = Debug|Win32
		{265994B8-FA4B-4EB8-A2C8-B109AB86241C}.Debug|x86.Build.0 = Debug|Win32
		{265994B8-FA4B-4EB8-A2C8-B109AB86241C}.Release|x64.ActiveCfg = Release|x64
		{265994B8-FA4B-4EB8-A2C8-B109AB86241C}.Release|x64.Build.0 = Release|x64
		{265994B8-FA4B-4EB8-A2C8-B109AB86241C}.Release|x86.ActiveCfg = Release|Win32
		{265994B8-FA4B-4EB8-A2C8-B109AB86241C}.Release|x86.Build.0 = Release|Win32
		{56D5CA63-13E8-401F-A814-8EA242FA4009}.Debug|x64.ActiveCfg = Debug|x64
		{56D5CA63-13E8-401F-A814-8EA242FA4009}.Debug|x64.Build.0 = Debug|x64
		{56D5CA63-13E8-401F-A814-8EA242FA4009}.Debug|x86.ActiveCfg = Debug|Win32
		{56D5CA63-13E8-401F-A814-8EA242FA4009}.Debug|x86.Build.0 = Debug|Win32
		{56D5CA63-13E8-401F-A814-8EA242FA4009}.Release|x64.ActiveCfg = Release|x64
		{56D5CA63-13E8-401F-A814-8EA242FA4009}.Release|x64.Build.0 = Release|x64
		{56D5CA63-13E8-401F-A814-8EA242FA4009}.Release|x86.ActiveCfg = Release|Win32
		{56D5CA63-13E8-401F-A814-8EA242FA4009}.Release|x86.Build.0 = Release|Win32
		{80B1E769-0B6E-4B30-A6E0-57075D684D1A}.Debug|x64.ActiveCfg = Debug|x64
		{80B1E769-0B6E-4B30-A6E0-57075D684D1A}.Debug|x64.Build.0 = Debug|x64
		{80B1E769-0B6E-4B30-A6E0-57075D684D1A}.Debug|x86.ActiveCfg = Debug|Win32
		{80B1E769-0B6E-4B30-A6E0-57075D684D1A}.Debug|x86.Build.0 = Debug|Win32
		{80B1E769-0B6E-4B30-A6E0-57075D684D1A}.Release|x64.ActiveCfg = Release|x64
		{80B1E769-0B6E-4B30-A6E0-57075D684D1A}.Release|x64.Build.0 = Release|x64
		{80B1E769-0B6E-4B30-A6E0-57075D684D1A}.Release|x86.ActiveCfg = Release|Win32
		{80B1E769-0B6E-4B30-A6E0-57075D684D1A}.Release|x86.Build.0 = Release|Win32
		{F50CD503-5233-4386-94FD-924EB4C591E5}.Debug|x64.ActiveCfg = Debug|x64
		{F50CD503-5233-4386-94FD-924EB4C591E5}.Debug|x64.Build.0 = Debug|x64
		{F50CD503-5233-4386-94FD-924EB4C591E5}.Debug|x86.ActiveCfg = Debug|Win32
		{F50CD503-5233-4386-94FD-924EB4C591E5}.Debug|x86.Build.0 = Debug|Win32
		{F50CD503-5233-4386-94FD-924EB4C591E5}.Release|x64.ActiveCfg = Release|x64
		{F50CD503-5233-4386-94FD-924EB4C591E5}.Release|x64.Build.0 = Release|x64
		{F50CD503-5233-4386-94FD-924EB4C591E5}.Release|x86.ActiveCfg = Release|Win32
		{F50CD503-5233-4386-94FD-924EB4C591E5}.Release|x86.Build.0 = Release|Win32
		{607CB136-BFFC-4222-8D6F-B393B76F9F6B}.Debug|x64.ActiveCfg = Debug|x64
		{607CB136-BFFC-4222-8D6F-B393B76F9F6B}.Debug|x64.Build.0 = Debug|x64
		{607CB136-BFFC-4222-8D6F-B393B76F9F6B}.Debug|x86.ActiveCfg = Debug|Win32
		{607CB136-BFFC-4222-8D6F-B393B76F9F6B}.Debug|x86.Build.0 = Debug|Win32
		{607CB136-BFFC-4222-8D6F-B393B76F9F6B}.Release|x64.ActiveCfg = Release|x64
		{607CB136-BFFC-4222-8D6F-B393B76F9F6B}.Release|x64.Build.0 = Release|x64
		{607CB136-BFFC-4222-8D6F-B393B76F9F6B}.Release|x86.ActiveCfg = Release|Win32
		{607CB136-BFFC-4222-8D6F-B393B76F9F6B}.Release|x86.Build.0 = Release|Win32
		{E0E436D0-3A42-4287-93AF-23E89BD5116E}.Debug|x64.ActiveCfg = Debug|x64
		{E0E436D0-3A42-4287-93AF-23E89BD5116E}.Debug|x64.Build.0 = Debug|x64
		{E0E436D0-3A42-4287-93AF-23E89BD5116E}.Debug|x86.ActiveCfg = Debug|Win32
		{E0E436D0-3A42-4287-93AF-23E89BD5116E}.Debug|x86.Build.0 = Debug|Win32
		{E0E436D0-3A42-4287-93AF-23E89BD5116E}.Release|x64.ActiveCfg = Release|x64
		{E0E436D0-3A42-4287-93AF-23E89BD5116E}.Release|x64.Build.0 = Release|x64
		{E0E436D0-3A42-4287-93AF-23E89BD5116E}.Release|x86.ActiveCfg = Release|Win32
		{E0E436D0-3A42-4287-93AF-23E89BD5116E}.Release|x86.Build.0 = Release|Win32
		{9EF85387-146A-42C1-8E7D-2C17E1F6AEBA}.Debug|x64.ActiveCfg = Debug|x64
		{9EF85387-146A-42C1-8E7D-2C17E1F6AEBA}.Debug|x64.Build.0 = Debug|x64
		{9EF85387-146A-42C1-8E7D-2C17E1F6AEBA}.Debug|x86.ActiveCfg = Debug|Win32
		{9EF85387-146A-42C1-8E7D-2C17E1F6AEBA}.Debug|x86.Build.0 = Debug|Win32
		{9EF85387-146A-42C1-8E7D-2C17E1F6AEBA}.Release|x64.ActiveCfg = Release|x64
		{9EF85387-146A-42C1-8E7D-2C17E1F6AEBA}.Release|x64.Build.0 = Release|x64
		{9EF85387-146A-42C1-8E7D-2C17E1F6AEBA}.Release|x86.ActiveCfg = Release|Win32
		{9EF85387-146A-42C1-8E7D-2C17E1F6AEBA}.Release|x86.Build.0 = Release|Win32
		{6FE8E6B4-FB26-46DA-896F-9031BAE1DF81}.Debug|x64.ActiveCfg = Debug|x64
		{6FE8E6B4-FB26-46DA-896F-9031BAE1DF81}.Debug|x64.Build.0 = Debug|x64
		{6FE8E6B4-FB26-46DA-896F-9031BAE1DF81}.Debug|x86.ActiveCfg = Debug|Win32
		{6FE8E6B4-FB26-46DA-896F-9031BAE1DF81}.Debug|x86.Build.0 = Debug|Win32
		{6FE8E6B4-FB26-46DA-896F-9031BAE1DF81}.Release|x64.ActiveCfg = Release|x64
		{6FE8E6B4-FB26-46DA-896F-9031BAE1DF81}.Release|x64.Build.0 = Release|x64
		{6FE8E6B4-FB26-46DA-896F-9031BAE1DF81}.Release|x86.ActiveCfg = Release|Win32
		{6FE8E6B4-FB26-46DA-896F-9031BAE1DF81}.Release|x86.Build.0 = Release|Win32
		{AF0609A8-0FBC-49F1-86B4-BD3AD3D1C52C}.Debug|x64.ActiveCfg = Debug|x64
		{AF0609A8-0FBC-49F1-86B4-BD3AD3D1C52C}.Debug|x64.Build.0 = Debug|x64
		{AF0609A8-0FBC-49F1-86B4-BD3AD3D1C52C}.Debug|x86.ActiveCfg = Debug|Win32
		{AF0609A8-0FBC-49F1-86B4-BD3AD3D1C52C}.Debug|x86.Build.0 = Debug|Win32
		{AF0609A8-0FBC-49F1-86B4-BD3AD3D1C52C}.Release|x64.ActiveCfg = Release|x64
		{AF0609A8-0FBC-49F1-86B4-BD3AD3D1C52C}.Release|x64.Build.0 = Release|x64
		{AF0609A8-0FBC-49F1-86B4-BD3AD3D1C52C}.Release|x86.ActiveCfg = Release|Win32
		{AF0609A8-0FBC-49F1-86B4-BD3AD3D1C52C}.Release|x86.Build.0 = Release|Win32
		{74250FB1-B878-431C-85CA-D8E59343AD54}.Debug|x64.ActiveCfg = Debug|x64
		{74250FB1-B878-431C-85CA-D8E59343AD54}.Debug|x64.Build.0 = Debug|x64
		{74250FB1-B878-431C-85CA-D8E59343AD54}.Debug|x86.ActiveCfg = Debug|Win32
		{74250FB1-B878-431C-85CA-D8E59343AD54}.Debug|x86.Build.0 = Debug|Win32
		{74250FB1-B878-431C-85CA-D8E59343AD54}.Release|x64.ActiveCfg = Release|x64
		{74250FB1-B878-431C-85CA-D8E59343AD54}.Release|x64.Build.0 = Release|x64
		{74250FB1-B878-431C-85CA-D8E59343AD54}.Release|x86.ActiveCfg = Release|Win32
		{74250FB1-B878-431C-85CA-D8E59343AD54}.Release|x86.Build.0 = Release|Win32
		{425BEF95-4DEA-4C14-AFAC-01029D0AC6FD}.Debug|x64.ActiveCfg = Debug|x64
		{425BEF95-4DEA-4C14-AFAC-01029D0AC6FD}.Debug|x64.Build.0 = Debug|x64
		{425BEF95-4DEA-4C14-AFAC-01029D0AC6FD}.Debug|x86.ActiveCfg = Debug|Win32
		{425BEF95-4DEA-4C14-AFAC-01029D0AC6FD}.Debug|x86.Build.0 = Debug|Win32
		{425BEF95-4DEA-4C14-AFAC-01029D0AC6FD}.Release|x64.ActiveCfg = Release|x64
		{425BEF95-4DEA-4C14-AFAC-01029D0AC6FD}.Release|x64.Build.0 = Release|x64
		{425BEF95-4DEA-4C14-AFAC-01029D0AC6FD}.Release|x86.ActiveCfg = Release|Win32
		{425BEF95-4DEA-4C14-AFAC-01029D0AC6FD}.Release|x86.Build.0 = Release|Win32
	EndGlobalSection
	GlobalSection(SolutionProperties) = preSolution
		HideSolutionNode = FALSE
	EndGlobalSection
	GlobalSection(ExtensibilityGlobals) = postSolution
		SolutionGuid = {FBFBA061-143C-4BBD-A2A9-FDD41DB2933C}
	EndGlobalSection
EndGlobal
